
Microsoft Visual Studio Solution File, Format Version 12.00
# Visual Studio Version 17
VisualStudioVersion = 17.5.33530.505
MinimumVisualStudioVersion = 10.0.40219.1
Project("{FAE04EC0-301F-11D3-BF4B-00C04F79EFBC}") = "ConsoleApp25", "ConsoleApp25.csproj", "{9E1E9D74-A07A-4E13-9EBC-D7BA74BFC3C6}"
EndProject
Global
	GlobalSection(SolutionConfigurationPlatforms) = preSolution
		Debug|Any CPU = Debug|Any CPU
		Release|Any CPU = Release|Any CPU
	EndGlobalSection
	GlobalSection(ProjectConfigurationPlatforms) = postSolution
		{9E1E9D74-A07A-4E13-9EBC-D7BA74BFC3C6}.Debug|Any CPU.ActiveCfg = Debug|Any CPU
		{9E1E9D74-A07A-4E13-9EBC-D7BA74BFC3C6}.Debug|Any CPU.Build.0 = Debug|Any CPU
		{9E1E9D74-A07A-4E13-9EBC-D7BA74BFC3C6}.Release|Any CPU.ActiveCfg = Release|Any CPU
		{9E1E9D74-A07A-4E13-9EBC-D7BA74BFC3C6}.Release|Any CPU.Build.0 = Release|Any CPU
	EndGlobalSection
	GlobalSection(SolutionProperties) = preSolution
		HideSolutionNode = FALSE
	EndGlobalSection
	GlobalSection(ExtensibilityGlobals) = postSolution
		SolutionGuid = {E937D3E1-8D1E-4491-AEE9-10AF8A1EC78E}
	EndGlobalSection
EndGlobal
